// !$*UTF8*$!
{
	archiveVersion = 1;
	classes = {
	};
	objectVersion = 56;
	objects = {

/* Begin PBXBuildFile section */
		50CC68442B1510C400DDCC10 /* MoonshotApp.swift in Sources */ = {isa = PBXBuildFile; fileRef = 50CC68432B1510C400DDCC10 /* MoonshotApp.swift */; };
		50CC68462B1510C400DDCC10 /* ContentView.swift in Sources */ = {isa = PBXBuildFile; fileRef = 50CC68452B1510C400DDCC10 /* ContentView.swift */; };
		50CC68482B1510C500DDCC10 /* Assets.xcassets in Resources */ = {isa = PBXBuildFile; fileRef = 50CC68472B1510C500DDCC10 /* Assets.xcassets */; };
		50CC684B2B1510C500DDCC10 /* Preview Assets.xcassets in Resources */ = {isa = PBXBuildFile; fileRef = 50CC684A2B1510C500DDCC10 /* Preview Assets.xcassets */; };
		50CC68522B1511CE00DDCC10 /* ListView.swift in Sources */ = {isa = PBXBuildFile; fileRef = 50CC68512B1511CE00DDCC10 /* ListView.swift */; };
		50CC68542B15121100DDCC10 /* GridView.swift in Sources */ = {isa = PBXBuildFile; fileRef = 50CC68532B15121100DDCC10 /* GridView.swift */; };
		50CC68562B15122500DDCC10 /* MissionView.swift in Sources */ = {isa = PBXBuildFile; fileRef = 50CC68552B15122500DDCC10 /* MissionView.swift */; };
		50CC68582B15124400DDCC10 /* CustomDivider.swift in Sources */ = {isa = PBXBuildFile; fileRef = 50CC68572B15124400DDCC10 /* CustomDivider.swift */; };
		50CC685A2B15125C00DDCC10 /* CrewView.swift in Sources */ = {isa = PBXBuildFile; fileRef = 50CC68592B15125C00DDCC10 /* CrewView.swift */; };
		50CC685C2B15127100DDCC10 /* AstronautView.swift in Sources */ = {isa = PBXBuildFile; fileRef = 50CC685B2B15127100DDCC10 /* AstronautView.swift */; };
		50CC685E2B15128C00DDCC10 /* Color-Theme.swift in Sources */ = {isa = PBXBuildFile; fileRef = 50CC685D2B15128C00DDCC10 /* Color-Theme.swift */; };
		50CC68602B1512A000DDCC10 /* Mission.swift in Sources */ = {isa = PBXBuildFile; fileRef = 50CC685F2B1512A000DDCC10 /* Mission.swift */; };
		50CC68622B1512BC00DDCC10 /* Astronaut.swift in Sources */ = {isa = PBXBuildFile; fileRef = 50CC68612B1512BC00DDCC10 /* Astronaut.swift */; };
		50CC68642B1512D200DDCC10 /* Bundle-Decodable.swift in Sources */ = {isa = PBXBuildFile; fileRef = 50CC68632B1512D200DDCC10 /* Bundle-Decodable.swift */; };
		50CC68672B15130200DDCC10 /* missions.json in Resources */ = {isa = PBXBuildFile; fileRef = 50CC68652B15130200DDCC10 /* missions.json */; };
		50CC68682B15130200DDCC10 /* astronauts.json in Resources */ = {isa = PBXBuildFile; fileRef = 50CC68662B15130200DDCC10 /* astronauts.json */; };
/* End PBXBuildFile section */

/* Begin PBXFileReference section */
		50CC68402B1510C400DDCC10 /* Moonshot.app */ = {isa = PBXFileReference; explicitFileType = wrapper.application; includeInIndex = 0; path = Moonshot.app; sourceTree = BUILT_PRODUCTS_DIR; };
		50CC68432B1510C400DDCC10 /* MoonshotApp.swift */ = {isa = PBXFileReference; lastKnownFileType = sourcecode.swift; path = MoonshotApp.swift; sourceTree = "<group>"; };
		50CC68452B1510C400DDCC10 /* ContentView.swift */ = {isa = PBXFileReference; lastKnownFileType = sourcecode.swift; path = ContentView.swift; sourceTree = "<group>"; };
		50CC68472B1510C500DDCC10 /* Assets.xcassets */ = {isa = PBXFileReference; lastKnownFileType = folder.assetcatalog; path = Assets.xcassets; sourceTree = "<group>"; };
		50CC684A2B1510C500DDCC10 /* Preview Assets.xcassets */ = {isa = PBXFileReference; lastKnownFileType = folder.assetcatalog; path = "Preview Assets.xcassets"; sourceTree = "<group>"; };
		50CC68512B1511CE00DDCC10 /* ListView.swift */ = {isa = PBXFileReference; lastKnownFileType = sourcecode.swift; path = ListView.swift; sourceTree = "<group>"; };
		50CC68532B15121100DDCC10 /* GridView.swift */ = {isa = PBXFileReference; lastKnownFileType = sourcecode.swift; path = GridView.swift; sourceTree = "<group>"; };
		50CC68552B15122500DDCC10 /* MissionView.swift */ = {isa = PBXFileReference; lastKnownFileType = sourcecode.swift; path = MissionView.swift; sourceTree = "<group>"; };
		50CC68572B15124400DDCC10 /* CustomDivider.swift */ = {isa = PBXFileReference; lastKnownFileType = sourcecode.swift; path = CustomDivider.swift; sourceTree = "<group>"; };
		50CC68592B15125C00DDCC10 /* CrewView.swift */ = {isa = PBXFileReference; lastKnownFileType = sourcecode.swift; path = CrewView.swift; sourceTree = "<group>"; };
		50CC685B2B15127100DDCC10 /* AstronautView.swift */ = {isa = PBXFileReference; lastKnownFileType = sourcecode.swift; path = AstronautView.swift; sourceTree = "<group>"; };
		50CC685D2B15128C00DDCC10 /* Color-Theme.swift */ = {isa = PBXFileReference; lastKnownFileType = sourcecode.swift; path = "Color-Theme.swift"; sourceTree = "<group>"; };
		50CC685F2B1512A000DDCC10 /* Mission.swift */ = {isa = PBXFileReference; lastKnownFileType = sourcecode.swift; path = Mission.swift; sourceTree = "<group>"; };
		50CC68612B1512BC00DDCC10 /* Astronaut.swift */ = {isa = PBXFileReference; lastKnownFileType = sourcecode.swift; path = Astronaut.swift; sourceTree = "<group>"; };
		50CC68632B1512D200DDCC10 /* Bundle-Decodable.swift */ = {isa = PBXFileReference; lastKnownFileType = sourcecode.swift; path = "Bundle-Decodable.swift"; sourceTree = "<group>"; };
		50CC68652B15130200DDCC10 /* missions.json */ = {isa = PBXFileReference; fileEncoding = 4; lastKnownFileType = text.json; path = missions.json; sourceTree = "<group>"; };
		50CC68662B15130200DDCC10 /* astronauts.json */ = {isa = PBXFileReference; fileEncoding = 4; lastKnownFileType = text.json; path = astronauts.json; sourceTree = "<group>"; };
/* End PBXFileReference section */

/* Begin PBXFrameworksBuildPhase section */
		50CC683D2B1510C400DDCC10 /* Frameworks */ = {
			isa = PBXFrameworksBuildPhase;
			buildActionMask = 2147483647;
			files = (
			);
			runOnlyForDeploymentPostprocessing = 0;
		};
/* End PBXFrameworksBuildPhase section */

/* Begin PBXGroup section */
		50CC68372B1510C400DDCC10 = {
			isa = PBXGroup;
			children = (
				50CC68422B1510C400DDCC10 /* Moonshot */,
				50CC68412B1510C400DDCC10 /* Products */,
			);
			sourceTree = "<group>";
		};
		50CC68412B1510C400DDCC10 /* Products */ = {
			isa = PBXGroup;
			children = (
				50CC68402B1510C400DDCC10 /* Moonshot.app */,
			);
			name = Products;
			sourceTree = "<group>";
		};
		50CC68422B1510C400DDCC10 /* Moonshot */ = {
			isa = PBXGroup;
			children = (
				50CC68662B15130200DDCC10 /* astronauts.json */,
				50CC68652B15130200DDCC10 /* missions.json */,
				50CC68612B1512BC00DDCC10 /* Astronaut.swift */,
				50CC685B2B15127100DDCC10 /* AstronautView.swift */,
				50CC68632B1512D200DDCC10 /* Bundle-Decodable.swift */,
				50CC685D2B15128C00DDCC10 /* Color-Theme.swift */,
				50CC68452B1510C400DDCC10 /* ContentView.swift */,
				50CC68592B15125C00DDCC10 /* CrewView.swift */,
				50CC68572B15124400DDCC10 /* CustomDivider.swift */,
				50CC68532B15121100DDCC10 /* GridView.swift */,
				50CC68512B1511CE00DDCC10 /* ListView.swift */,
				50CC685F2B1512A000DDCC10 /* Mission.swift */,
				50CC68552B15122500DDCC10 /* MissionView.swift */,
				50CC68432B1510C400DDCC10 /* MoonshotApp.swift */,
				50CC68472B1510C500DDCC10 /* Assets.xcassets */,
				50CC68492B1510C500DDCC10 /* Preview Content */,
			);
			path = Moonshot;
			sourceTree = "<group>";
		};
		50CC68492B1510C500DDCC10 /* Preview Content */ = {
			isa = PBXGroup;
			children = (
				50CC684A2B1510C500DDCC10 /* Preview Assets.xcassets */,
			);
			path = "Preview Content";
			sourceTree = "<group>";
		};
/* End PBXGroup section */

/* Begin PBXNativeTarget section */
		50CC683F2B1510C400DDCC10 /* Moonshot */ = {
			isa = PBXNativeTarget;
			buildConfigurationList = 50CC684E2B1510C500DDCC10 /* Build configuration list for PBXNativeTarget "Moonshot" */;
			buildPhases = (
				50CC683C2B1510C400DDCC10 /* Sources */,
				50CC683D2B1510C400DDCC10 /* Frameworks */,
				50CC683E2B1510C400DDCC10 /* Resources */,
			);
			buildRules = (
			);
			dependencies = (
			);
			name = Moonshot;
			productName = Moonshot;
			productReference = 50CC68402B1510C400DDCC10 /* Moonshot.app */;
			productType = "com.apple.product-type.application";
		};
/* End PBXNativeTarget section */

/* Begin PBXProject section */
		50CC68382B1510C400DDCC10 /* Project object */ = {
			isa = PBXProject;
			attributes = {
				BuildIndependentTargetsInParallel = 1;
				LastSwiftUpdateCheck = 1500;
				LastUpgradeCheck = 1500;
				TargetAttributes = {
					50CC683F2B1510C400DDCC10 = {
						CreatedOnToolsVersion = 15.0;
					};
				};
			};
			buildConfigurationList = 50CC683B2B1510C400DDCC10 /* Build configuration list for PBXProject "Moonshot" */;
			compatibilityVersion = "Xcode 14.0";
			developmentRegion = en;
			hasScannedForEncodings = 0;
			knownRegions = (
				en,
				Base,
			);
			mainGroup = 50CC68372B1510C400DDCC10;
			productRefGroup = 50CC68412B1510C400DDCC10 /* Products */;
			projectDirPath = "";
			projectRoot = "";
			targets = (
				50CC683F2B1510C400DDCC10 /* Moonshot */,
			);
		};
/* End PBXProject section */

/* Begin PBXResourcesBuildPhase section */
		50CC683E2B1510C400DDCC10 /* Resources */ = {
			isa = PBXResourcesBuildPhase;
			buildActionMask = 2147483647;
			files = (
				50CC684B2B1510C500DDCC10 /* Preview Assets.xcassets in Resources */,
				50CC68672B15130200DDCC10 /* missions.json in Resources */,
				50CC68482B1510C500DDCC10 /* Assets.xcassets in Resources */,
				50CC68682B15130200DDCC10 /* astronauts.json in Resources */,
			);
			runOnlyForDeploymentPostprocessing = 0;
		};
/* End PBXResourcesBuildPhase section */

/* Begin PBXSourcesBuildPhase section */
		50CC683C2B1510C400DDCC10 /* Sources */ = {
			isa = PBXSourcesBuildPhase;
			buildActionMask = 2147483647;
			files = (
				50CC68462B1510C400DDCC10 /* ContentView.swift in Sources */,
				50CC68642B1512D200DDCC10 /* Bundle-Decodable.swift in Sources */,
				50CC68622B1512BC00DDCC10 /* Astronaut.swift in Sources */,
				50CC68442B1510C400DDCC10 /* MoonshotApp.swift in Sources */,
				50CC685C2B15127100DDCC10 /* AstronautView.swift in Sources */,
				50CC68582B15124400DDCC10 /* CustomDivider.swift in Sources */,
				50CC68542B15121100DDCC10 /* GridView.swift in Sources */,
				50CC68522B1511CE00DDCC10 /* ListView.swift in Sources */,
				50CC685A2B15125C00DDCC10 /* CrewView.swift in Sources */,
				50CC685E2B15128C00DDCC10 /* Color-Theme.swift in Sources */,
				50CC68602B1512A000DDCC10 /* Mission.swift in Sources */,
				50CC68562B15122500DDCC10 /* MissionView.swift in Sources */,
			);
			runOnlyForDeploymentPostprocessing = 0;
		};
/* End PBXSourcesBuildPhase section */

/* Begin XCBuildConfiguration section */
		50CC684C2B1510C500DDCC10 /* Debug */ = {
			isa = XCBuildConfiguration;
			buildSettings = {
				ALWAYS_SEARCH_USER_PATHS = NO;
				ASSETCATALOG_COMPILER_GENERATE_SWIFT_ASSET_SYMBOL_EXTENSIONS = YES;
				CLANG_ANALYZER_NONNULL = YES;
				CLANG_ANALYZER_NUMBER_OBJECT_CONVERSION = YES_AGGRESSIVE;
				CLANG_CXX_LANGUAGE_STANDARD = "gnu++20";
				CLANG_ENABLE_MODULES = YES;
				CLANG_ENABLE_OBJC_ARC = YES;
				CLANG_ENABLE_OBJC_WEAK = YES;
				CLANG_WARN_BLOCK_CAPTURE_AUTORELEASING = YES;
				CLANG_WARN_BOOL_CONVERSION = YES;
				CLANG_WARN_COMMA = YES;
				CLANG_WARN_CONSTANT_CONVERSION = YES;
				CLANG_WARN_DEPRECATED_OBJC_IMPLEMENTATIONS = YES;
				CLANG_WARN_DIRECT_OBJC_ISA_USAGE = YES_ERROR;
				CLANG_WARN_DOCUMENTATION_COMMENTS = YES;
				CLANG_WARN_EMPTY_BODY = YES;
				CLANG_WARN_ENUM_CONVERSION = YES;
				CLANG_WARN_INFINITE_RECURSION = YES;
				CLANG_WARN_INT_CONVERSION = YES;
				CLANG_WARN_NON_LITERAL_NULL_CONVERSION = YES;
				CLANG_WARN_OBJC_IMPLICIT_RETAIN_SELF = YES;
				CLANG_WARN_OBJC_LITERAL_CONVERSION = YES;
				CLANG_WARN_OBJC_ROOT_CLASS = YES_ERROR;
				CLANG_WARN_QUOTED_INCLUDE_IN_FRAMEWORK_HEADER = YES;
				CLANG_WARN_RANGE_LOOP_ANALYSIS = YES;
				CLANG_WARN_STRICT_PROTOTYPES = YES;
				CLANG_WARN_SUSPICIOUS_MOVE = YES;
				CLANG_WARN_UNGUARDED_AVAILABILITY = YES_AGGRESSIVE;
				CLANG_WARN_UNREACHABLE_CODE = YES;
				CLANG_WARN__DUPLICATE_METHOD_MATCH = YES;
				COPY_PHASE_STRIP = NO;
				DEBUG_INFORMATION_FORMAT = dwarf;
				ENABLE_STRICT_OBJC_MSGSEND = YES;
				ENABLE_TESTABILITY = YES;
				ENABLE_USER_SCRIPT_SANDBOXING = YES;
				GCC_C_LANGUAGE_STANDARD = gnu17;
				GCC_DYNAMIC_NO_PIC = NO;
				GCC_NO_COMMON_BLOCKS = YES;
				GCC_OPTIMIZATION_LEVEL = 0;
				GCC_PREPROCESSOR_DEFINITIONS = (
					"DEBUG=1",
					"$(inherited)",
				);
				GCC_WARN_64_TO_32_BIT_CONVERSION = YES;
				GCC_WARN_ABOUT_RETURN_TYPE = YES_ERROR;
				GCC_WARN_UNDECLARED_SELECTOR = YES;
				GCC_WARN_UNINITIALIZED_AUTOS = YES_AGGRESSIVE;
				GCC_WARN_UNUSED_FUNCTION = YES;
				GCC_WARN_UNUSED_VARIABLE = YES;
				IPHONEOS_DEPLOYMENT_TARGET = 17.0;
				LOCALIZATION_PREFERS_STRING_CATALOGS = YES;
				MTL_ENABLE_DEBUG_INFO = INCLUDE_SOURCE;
				MTL_FAST_MATH = YES;
				ONLY_ACTIVE_ARCH = YES;
				SDKROOT = iphoneos;
				SWIFT_ACTIVE_COMPILATION_CONDITIONS = "DEBUG $(inherited)";
				SWIFT_OPTIMIZATION_LEVEL = "-Onone";
			};
			name = Debug;
		};
		50CC684D2B1510C500DDCC10 /* Release */ = {
			isa = XCBuildConfiguration;
			buildSettings = {
				ALWAYS_SEARCH_USER_PATHS = NO;
				ASSETCATALOG_COMPILER_GENERATE_SWIFT_ASSET_SYMBOL_EXTENSIONS = YES;
				CLANG_ANALYZER_NONNULL = YES;
				CLANG_ANALYZER_NUMBER_OBJECT_CONVERSION = YES_AGGRESSIVE;
				CLANG_CXX_LANGUAGE_STANDARD = "gnu++20";
				CLANG_ENABLE_MODULES = YES;
				CLANG_ENABLE_OBJC_ARC = YES;
				CLANG_ENABLE_OBJC_WEAK = YES;
				CLANG_WARN_BLOCK_CAPTURE_AUTORELEASING = YES;
				CLANG_WARN_BOOL_CONVERSION = YES;
				CLANG_WARN_COMMA = YES;
				CLANG_WARN_CONSTANT_CONVERSION = YES;
				CLANG_WARN_DEPRECATED_OBJC_IMPLEMENTATIONS = YES;
				CLANG_WARN_DIRECT_OBJC_ISA_USAGE = YES_ERROR;
				CLANG_WARN_DOCUMENTATION_COMMENTS = YES;
				CLANG_WARN_EMPTY_BODY = YES;
				CLANG_WARN_ENUM_CONVERSION = YES;
				CLANG_WARN_INFINITE_RECURSION = YES;
				CLANG_WARN_INT_CONVERSION = YES;
				CLANG_WARN_NON_LITERAL_NULL_CONVERSION = YES;
				CLANG_WARN_OBJC_IMPLICIT_RETAIN_SELF = YES;
				CLANG_WARN_OBJC_LITERAL_CONVERSION = YES;
				CLANG_WARN_OBJC_ROOT_CLASS = YES_ERROR;
				CLANG_WARN_QUOTED_INCLUDE_IN_FRAMEWORK_HEADER = YES;
				CLANG_WARN_RANGE_LOOP_ANALYSIS = YES;
				CLANG_WARN_STRICT_PROTOTYPES = YES;
				CLANG_WARN_SUSPICIOUS_MOVE = YES;
				CLANG_WARN_UNGUARDED_AVAILABILITY = YES_AGGRESSIVE;
				CLANG_WARN_UNREACHABLE_CODE = YES;
				CLANG_WARN__DUPLICATE_METHOD_MATCH = YES;
				COPY_PHASE_STRIP = NO;
				DEBUG_INFORMATION_FORMAT = "dwarf-with-dsym";
				ENABLE_NS_ASSERTIONS = NO;
				ENABLE_STRICT_OBJC_MSGSEND = YES;
				ENABLE_USER_SCRIPT_SANDBOXING = YES;
				GCC_C_LANGUAGE_STANDARD = gnu17;
				GCC_NO_COMMON_BLOCKS = YES;
				GCC_WARN_64_TO_32_BIT_CONVERSION = YES;
				GCC_WARN_ABOUT_RETURN_TYPE = YES_ERROR;
				GCC_WARN_UNDECLARED_SELECTOR = YES;
				GCC_WARN_UNINITIALIZED_AUTOS = YES_AGGRESSIVE;
				GCC_WARN_UNUSED_FUNCTION = YES;
				GCC_WARN_UNUSED_VARIABLE = YES;
				IPHONEOS_DEPLOYMENT_TARGET = 17.0;
				LOCALIZATION_PREFERS_STRING_CATALOGS = YES;
				MTL_ENABLE_DEBUG_INFO = NO;
				MTL_FAST_MATH = YES;
				SDKROOT = iphoneos;
				SWIFT_COMPILATION_MODE = wholemodule;
				VALIDATE_PRODUCT = YES;
			};
			name = Release;
		};
		50CC684F2B1510C500DDCC10 /* Debug */ = {
			isa = XCBuildConfiguration;
			buildSettings = {
				ASSETCATALOG_COMPILER_APPICON_NAME = AppIcon;
				ASSETCATALOG_COMPILER_GLOBAL_ACCENT_COLOR_NAME = AccentColor;
				CODE_SIGN_STYLE = Automatic;
				CURRENT_PROJECT_VERSION = 1;
				DEVELOPMENT_ASSET_PATHS = "\"Moonshot/Preview Content\"";
				DEVELOPMENT_TEAM = "";
				ENABLE_PREVIEWS = YES;
				GENERATE_INFOPLIST_FILE = YES;
				INFOPLIST_KEY_UIApplicationSceneManifest_Generation = YES;
				INFOPLIST_KEY_UIApplicationSupportsIndirectInputEvents = YES;
				INFOPLIST_KEY_UILaunchScreen_Generation = YES;
				INFOPLIST_KEY_UISupportedInterfaceOrientations_iPad = "UIInterfaceOrientationPortrait UIInterfaceOrientationPortraitUpsideDown UIInterfaceOrientationLandscapeLeft UIInterfaceOrientationLandscapeRight";
				INFOPLIST_KEY_UISupportedInterfaceOrientations_iPhone = "UIInterfaceOrientationPortrait UIInterfaceOrientationLandscapeLeft UIInterfaceOrientationLandscapeRight";
				LD_RUNPATH_SEARCH_PATHS = (
					"$(inherited)",
					"@executable_path/Frameworks",
				);
				MARKETING_VERSION = 1.0;
				PRODUCT_BUNDLE_IDENTIFIER = com.noalino.Moonshot;
				PRODUCT_NAME = "$(TARGET_NAME)";
				SWIFT_EMIT_LOC_STRINGS = YES;
				SWIFT_VERSION = 5.0;
				TARGETED_DEVICE_FAMILY = "1,2";
			};
			name = Debug;
		};
		50CC68502B1510C500DDCC10 /* Release */ = {
			isa = XCBuildConfiguration;
			buildSettings = {
				ASSETCATALOG_COMPILER_APPICON_NAME = AppIcon;
				ASSETCATALOG_COMPILER_GLOBAL_ACCENT_COLOR_NAME = AccentColor;
				CODE_SIGN_STYLE = Automatic;
				CURRENT_PROJECT_VERSION = 1;
				DEVELOPMENT_ASSET_PATHS = "\"Moonshot/Preview Content\"";
				DEVELOPMENT_TEAM = "";
				ENABLE_PREVIEWS = YES;
				GENERATE_INFOPLIST_FILE = YES;
				INFOPLIST_KEY_UIApplicationSceneManifest_Generation = YES;
				INFOPLIST_KEY_UIApplicationSupportsIndirectInputEvents = YES;
				INFOPLIST_KEY_UILaunchScreen_Generation = YES;
				INFOPLIST_KEY_UISupportedInterfaceOrientations_iPad = "UIInterfaceOrientationPortrait UIInterfaceOrientationPortraitUpsideDown UIInterfaceOrientationLandscapeLeft UIInterfaceOrientationLandscapeRight";
				INFOPLIST_KEY_UISupportedInterfaceOrientations_iPhone = "UIInterfaceOrientationPortrait UIInterfaceOrientationLandscapeLeft UIInterfaceOrientationLandscapeRight";
				LD_RUNPATH_SEARCH_PATHS = (
					"$(inherited)",
					"@executable_path/Frameworks",
				);
				MARKETING_VERSION = 1.0;
				PRODUCT_BUNDLE_IDENTIFIER = com.noalino.Moonshot;
				PRODUCT_NAME = "$(TARGET_NAME)";
				SWIFT_EMIT_LOC_STRINGS = YES;
				SWIFT_VERSION = 5.0;
				TARGETED_DEVICE_FAMILY = "1,2";
			};
			name = Release;
		};
/* End XCBuildConfiguration section */

/* Begin XCConfigurationList section */
		50CC683B2B1510C400DDCC10 /* Build configuration list for PBXProject "Moonshot" */ = {
			isa = XCConfigurationList;
			buildConfigurations = (
				50CC684C2B1510C500DDCC10 /* Debug */,
				50CC684D2B1510C500DDCC10 /* Release */,
			);
			defaultConfigurationIsVisible = 0;
			defaultConfigurationName = Release;
		};
		50CC684E2B1510C500DDCC10 /* Build configuration list for PBXNativeTarget "Moonshot" */ = {
			isa = XCConfigurationList;
			buildConfigurations = (
				50CC684F2B1510C500DDCC10 /* Debug */,
				50CC68502B1510C500DDCC10 /* Release */,
			);
			defaultConfigurationIsVisible = 0;
			defaultConfigurationName = Release;
		};
/* End XCConfigurationList section */
	};
	rootObject = 50CC68382B1510C400DDCC10 /* Project object */;
}
